
Microsoft Visual Studio Solution File, Format Version 12.00
# Visual Studio 15
VisualStudioVersion = 15.0.28010.2050
MinimumVisualStudioVersion = 10.0.40219.1
Project("{8BC9CEB8-8B4A-11D0-8D11-00A0C91BC942}") = "FunctionAny_Test", "FunctionAny_Test\FunctionAny_Test.vcxproj", "{C8498F9C-1EC2-4152-9B3B-6716CAEB073D}"
EndProject
Global
	GlobalSection(SolutionConfigurationPlatforms) = preSolution
		Debug|x64 = Debug|x64
		Debug|x86 = Debug|x86
		Release|x64 = Release|x64
		Release|x86 = Release|x86
	EndGlobalSection
	GlobalSection(ProjectConfigurationPlatforms) = postSolution
		{C8498F9C-1EC2-4152-9B3B-6716CAEB073D}.Debug|x64.ActiveCfg = Debug|x64
		{C8498F9C-1EC2-4152-9B3B-6716CAEB073D}.Debug|x64.Build.0 = Debug|x64
		{C8498F9C-1EC2-4152-9B3B-6716CAEB073D}.Debug|x86.ActiveCfg = Debug|Win32
		{C8498F9C-1EC2-4152-9B3B-6716CAEB073D}.Debug|x86.Build.0 = Debug|Win32
		{C8498F9C-1EC2-4152-9B3B-6716CAEB073D}.Release|x64.ActiveCfg = Release|x64
		{C8498F9C-1EC2-4152-9B3B-6716CAEB073D}.Release|x64.Build.0 = Release|x64
		{C8498F9C-1EC2-4152-9B3B-6716CAEB073D}.Release|x86.ActiveCfg = Release|Win32
		{C8498F9C-1EC2-4152-9B3B-6716CAEB073D}.Release|x86.Build.0 = Release|Win32
	EndGlobalSection
	GlobalSection(SolutionProperties) = preSolution
		HideSolutionNode = FALSE
	EndGlobalSection
	GlobalSection(ExtensibilityGlobals) = postSolution
		SolutionGuid = {B26DB39F-AC93-419C-BF54-B97061E8EA7D}
	EndGlobalSection
EndGlobal
